
Microsoft Visual Studio Solution File, Format Version 12.00
# Visual Studio 2013
VisualStudioVersion = 12.0.40629.0
MinimumVisualStudioVersion = 10.0.40219.1
Project("{8BC9CEB8-8B4A-11D0-8D11-00A0C91BC942}") = "Exercise01", "Exercise01\Exercise01.vcxproj", "{BB938D5E-C895-4748-B55A-2E9C3C28C9AB}"
EndProject
Project("{8BC9CEB8-8B4A-11D0-8D11-00A0C91BC942}") = "Exercise02", "Exercise02\Exercise02.vcxproj", "{449BF03C-B7DD-428D-88C3-C404C9062AAC}"
EndProject
Global
	GlobalSection(SolutionConfigurationPlatforms) = preSolution
		Debug|Win32 = Debug|Win32
		Release|Win32 = Release|Win32
	EndGlobalSection
	GlobalSection(ProjectConfigurationPlatforms) = postSolution
		{BB938D5E-C895-4748-B55A-2E9C3C28C9AB}.Debug|Win32.ActiveCfg = Debug|Win32
		{BB938D5E-C895-4748-B55A-2E9C3C28C9AB}.Debug|Win32.Build.0 = Debug|Win32
		{BB938D5E-C895-4748-B55A-2E9C3C28C9AB}.Release|Win32.ActiveCfg = Release|Win32
		{BB938D5E-C895-4748-B55A-2E9C3C28C9AB}.Release|Win32.Build.0 = Release|Win32
		{449BF03C-B7DD-428D-88C3-C404C9062AAC}.Debug|Win32.ActiveCfg = Debug|Win32
		{449BF03C-B7DD-428D-88C3-C404C9062AAC}.Debug|Win32.Build.0 = Debug|Win32
		{449BF03C-B7DD-428D-88C3-C404C9062AAC}.Release|Win32.ActiveCfg = Release|Win32
		{449BF03C-B7DD-428D-88C3-C404C9062AAC}.Release|Win32.Build.0 = Release|Win32
	EndGlobalSection
	GlobalSection(SolutionProperties) = preSolution
		HideSolutionNode = FALSE
	EndGlobalSection
EndGlobal
